// !$*UTF8*$!
{
	archiveVersion = 1;
	classes = {
	};
	objectVersion = 55;
	objects = {

/* Begin PBXBuildFile section */
		55FDEC4D94FF08AC52E653C6 /* Pods_SqliteTableVeiw.framework in Frameworks */ = {isa = PBXBuildFile; fileRef = 96D664854BDA6F2A8DBA4AC1 /* Pods_SqliteTableVeiw.framework */; };
		DB33EF6B278AA80500E04BCF /* ChatRoomTableViewController.m in Sources */ = {isa = PBXBuildFile; fileRef = DB33EF69278AA80500E04BCF /* ChatRoomTableViewController.m */; };
		DB33EF6C278AA80500E04BCF /* ChatRoomTableViewController.xib in Resources */ = {isa = PBXBuildFile; fileRef = DB33EF6A278AA80500E04BCF /* ChatRoomTableViewController.xib */; };
		DB33EF70278AA86E00E04BCF /* ChatRoomTableCellView.m in Sources */ = {isa = PBXBuildFile; fileRef = DB33EF6F278AA86E00E04BCF /* ChatRoomTableCellView.m */; };
		DB33EF76278AB6DF00E04BCF /* ChatRoom.m in Sources */ = {isa = PBXBuildFile; fileRef = DB33EF75278AB6DF00E04BCF /* ChatRoom.m */; };
		DB33EF79278AB99200E04BCF /* SQLDB.m in Sources */ = {isa = PBXBuildFile; fileRef = DB33EF78278AB99200E04BCF /* SQLDB.m */; };
		DBF4D9302789AECC00EE891B /* AppDelegate.m in Sources */ = {isa = PBXBuildFile; fileRef = DBF4D92F2789AECC00EE891B /* AppDelegate.m */; };
		DBF4D9322789AECC00EE891B /* Assets.xcassets in Resources */ = {isa = PBXBuildFile; fileRef = DBF4D9312789AECC00EE891B /* Assets.xcassets */; };
		DBF4D9372789AECC00EE891B /* main.m in Sources */ = {isa = PBXBuildFile; fileRef = DBF4D9362789AECC00EE891B /* main.m */; };
		DBF4D9432789BD6000EE891B /* MainWindowController.m in Sources */ = {isa = PBXBuildFile; fileRef = DBF4D9412789BD6000EE891B /* MainWindowController.m */; };
		DBF4D9442789BD6000EE891B /* MainWindowController.xib in Resources */ = {isa = PBXBuildFile; fileRef = DBF4D9422789BD6000EE891B /* MainWindowController.xib */; };
		DBF4D9472789BEE400EE891B /* MenuBar.xib in Resources */ = {isa = PBXBuildFile; fileRef = DBF4D9462789BEE400EE891B /* MenuBar.xib */; };
/* End PBXBuildFile section */

/* Begin PBXFileReference section */
		0C5662D703432A605DFBD8B1 /* Pods-SqliteTableVeiw.debug.xcconfig */ = {isa = PBXFileReference; includeInIndex = 1; lastKnownFileType = text.xcconfig; name = "Pods-SqliteTableVeiw.debug.xcconfig"; path = "Target Support Files/Pods-SqliteTableVeiw/Pods-SqliteTableVeiw.debug.xcconfig"; sourceTree = "<group>"; };
		69FD6B18CD993EAF7E5E9B10 /* Pods-SqliteTableVeiw.release.xcconfig */ = {isa = PBXFileReference; includeInIndex = 1; lastKnownFileType = text.xcconfig; name = "Pods-SqliteTableVeiw.release.xcconfig"; path = "Target Support Files/Pods-SqliteTableVeiw/Pods-SqliteTableVeiw.release.xcconfig"; sourceTree = "<group>"; };
		96D664854BDA6F2A8DBA4AC1 /* Pods_SqliteTableVeiw.framework */ = {isa = PBXFileReference; explicitFileType = wrapper.framework; includeInIndex = 0; path = Pods_SqliteTableVeiw.framework; sourceTree = BUILT_PRODUCTS_DIR; };
		DB33EF68278AA80500E04BCF /* ChatRoomTableViewController.h */ = {isa = PBXFileReference; lastKnownFileType = sourcecode.c.h; path = ChatRoomTableViewController.h; sourceTree = "<group>"; };
		DB33EF69278AA80500E04BCF /* ChatRoomTableViewController.m */ = {isa = PBXFileReference; lastKnownFileType = sourcecode.c.objc; path = ChatRoomTableViewController.m; sourceTree = "<group>"; };
		DB33EF6A278AA80500E04BCF /* ChatRoomTableViewController.xib */ = {isa = PBXFileReference; lastKnownFileType = file.xib; path = ChatRoomTableViewController.xib; sourceTree = "<group>"; };
		DB33EF6E278AA86E00E04BCF /* ChatRoomTableCellView.h */ = {isa = PBXFileReference; lastKnownFileType = sourcecode.c.h; path = ChatRoomTableCellView.h; sourceTree = "<group>"; };
		DB33EF6F278AA86E00E04BCF /* ChatRoomTableCellView.m */ = {isa = PBXFileReference; lastKnownFileType = sourcecode.c.objc; path = ChatRoomTableCellView.m; sourceTree = "<group>"; };
		DB33EF74278AB6DF00E04BCF /* ChatRoom.h */ = {isa = PBXFileReference; lastKnownFileType = sourcecode.c.h; path = ChatRoom.h; sourceTree = "<group>"; };
		DB33EF75278AB6DF00E04BCF /* ChatRoom.m */ = {isa = PBXFileReference; lastKnownFileType = sourcecode.c.objc; path = ChatRoom.m; sourceTree = "<group>"; };
		DB33EF77278AB99200E04BCF /* SQLDB.h */ = {isa = PBXFileReference; lastKnownFileType = sourcecode.c.h; path = SQLDB.h; sourceTree = "<group>"; };
		DB33EF78278AB99200E04BCF /* SQLDB.m */ = {isa = PBXFileReference; lastKnownFileType = sourcecode.c.objc; path = SQLDB.m; sourceTree = "<group>"; };
		DBF4D92B2789AECC00EE891B /* SqliteTableVeiw.app */ = {isa = PBXFileReference; explicitFileType = wrapper.application; includeInIndex = 0; path = SqliteTableVeiw.app; sourceTree = BUILT_PRODUCTS_DIR; };
		DBF4D92E2789AECC00EE891B /* AppDelegate.h */ = {isa = PBXFileReference; lastKnownFileType = sourcecode.c.h; path = AppDelegate.h; sourceTree = "<group>"; };
		DBF4D92F2789AECC00EE891B /* AppDelegate.m */ = {isa = PBXFileReference; lastKnownFileType = sourcecode.c.objc; path = AppDelegate.m; sourceTree = "<group>"; };
		DBF4D9312789AECC00EE891B /* Assets.xcassets */ = {isa = PBXFileReference; lastKnownFileType = folder.assetcatalog; path = Assets.xcassets; sourceTree = "<group>"; };
		DBF4D9362789AECC00EE891B /* main.m */ = {isa = PBXFileReference; lastKnownFileType = sourcecode.c.objc; path = main.m; sourceTree = "<group>"; };
		DBF4D9382789AECC00EE891B /* SqliteTableVeiw.entitlements */ = {isa = PBXFileReference; lastKnownFileType = text.plist.entitlements; path = SqliteTableVeiw.entitlements; sourceTree = "<group>"; };
		DBF4D9402789BD6000EE891B /* MainWindowController.h */ = {isa = PBXFileReference; lastKnownFileType = sourcecode.c.h; path = MainWindowController.h; sourceTree = "<group>"; };
		DBF4D9412789BD6000EE891B /* MainWindowController.m */ = {isa = PBXFileReference; lastKnownFileType = sourcecode.c.objc; path = MainWindowController.m; sourceTree = "<group>"; };
		DBF4D9422789BD6000EE891B /* MainWindowController.xib */ = {isa = PBXFileReference; lastKnownFileType = file.xib; path = MainWindowController.xib; sourceTree = "<group>"; };
		DBF4D9462789BEE400EE891B /* MenuBar.xib */ = {isa = PBXFileReference; lastKnownFileType = file.xib; path = MenuBar.xib; sourceTree = "<group>"; };
/* End PBXFileReference section */

/* Begin PBXFrameworksBuildPhase section */
		DBF4D9282789AECC00EE891B /* Frameworks */ = {
			isa = PBXFrameworksBuildPhase;
			buildActionMask = 2147483647;
			files = (
				55FDEC4D94FF08AC52E653C6 /* Pods_SqliteTableVeiw.framework in Frameworks */,
			);
			runOnlyForDeploymentPostprocessing = 0;
		};
/* End PBXFrameworksBuildPhase section */

/* Begin PBXGroup section */
		07A30108A48D47A8015C8230 /* Frameworks */ = {
			isa = PBXGroup;
			children = (
				96D664854BDA6F2A8DBA4AC1 /* Pods_SqliteTableVeiw.framework */,
			);
			name = Frameworks;
			sourceTree = "<group>";
		};
		8A6D68AEC8D93BE564791532 /* Pods */ = {
			isa = PBXGroup;
			children = (
				0C5662D703432A605DFBD8B1 /* Pods-SqliteTableVeiw.debug.xcconfig */,
				69FD6B18CD993EAF7E5E9B10 /* Pods-SqliteTableVeiw.release.xcconfig */,
			);
			path = Pods;
			sourceTree = "<group>";
		};
		DB33EF6D278AA85D00E04BCF /* View */ = {
			isa = PBXGroup;
			children = (
				DB33EF6E278AA86E00E04BCF /* ChatRoomTableCellView.h */,
				DB33EF6F278AA86E00E04BCF /* ChatRoomTableCellView.m */,
			);
			path = View;
			sourceTree = "<group>";
		};
		DB33EF71278AB6B500E04BCF /* Sqlite */ = {
			isa = PBXGroup;
			children = (
				DB33EF74278AB6DF00E04BCF /* ChatRoom.h */,
				DB33EF75278AB6DF00E04BCF /* ChatRoom.m */,
				DB33EF77278AB99200E04BCF /* SQLDB.h */,
				DB33EF78278AB99200E04BCF /* SQLDB.m */,
			);
			path = Sqlite;
			sourceTree = "<group>";
		};
		DBF4D9222789AECC00EE891B = {
			isa = PBXGroup;
			children = (
				DBF4D92D2789AECC00EE891B /* SqliteTableVeiw */,
				DBF4D92C2789AECC00EE891B /* Products */,
				8A6D68AEC8D93BE564791532 /* Pods */,
				07A30108A48D47A8015C8230 /* Frameworks */,
			);
			sourceTree = "<group>";
		};
		DBF4D92C2789AECC00EE891B /* Products */ = {
			isa = PBXGroup;
			children = (
				DBF4D92B2789AECC00EE891B /* SqliteTableVeiw.app */,
			);
			name = Products;
			sourceTree = "<group>";
		};
		DBF4D92D2789AECC00EE891B /* SqliteTableVeiw */ = {
			isa = PBXGroup;
			children = (
				DB33EF71278AB6B500E04BCF /* Sqlite */,
				DB33EF6D278AA85D00E04BCF /* View */,
				DBF4D9452789BEB100EE891B /* MenuBarMenu */,
				DBF4D93F2789BD5000EE891B /* ViewController */,
				DBF4D93E2789BD4D00EE891B /* Window */,
				DBF4D92E2789AECC00EE891B /* AppDelegate.h */,
				DBF4D92F2789AECC00EE891B /* AppDelegate.m */,
				DBF4D9312789AECC00EE891B /* Assets.xcassets */,
				DBF4D9362789AECC00EE891B /* main.m */,
				DBF4D9382789AECC00EE891B /* SqliteTableVeiw.entitlements */,
			);
			path = SqliteTableVeiw;
			sourceTree = "<group>";
		};
		DBF4D93E2789BD4D00EE891B /* Window */ = {
			isa = PBXGroup;
			children = (
				DBF4D9402789BD6000EE891B /* MainWindowController.h */,
				DBF4D9412789BD6000EE891B /* MainWindowController.m */,
				DBF4D9422789BD6000EE891B /* MainWindowController.xib */,
			);
			path = Window;
			sourceTree = "<group>";
		};
		DBF4D93F2789BD5000EE891B /* ViewController */ = {
			isa = PBXGroup;
			children = (
				DB33EF68278AA80500E04BCF /* ChatRoomTableViewController.h */,
				DB33EF69278AA80500E04BCF /* ChatRoomTableViewController.m */,
				DB33EF6A278AA80500E04BCF /* ChatRoomTableViewController.xib */,
			);
			path = ViewController;
			sourceTree = "<group>";
		};
		DBF4D9452789BEB100EE891B /* MenuBarMenu */ = {
			isa = PBXGroup;
			children = (
				DBF4D9462789BEE400EE891B /* MenuBar.xib */,
			);
			path = MenuBarMenu;
			sourceTree = "<group>";
		};
/* End PBXGroup section */

/* Begin PBXNativeTarget section */
		DBF4D92A2789AECC00EE891B /* SqliteTableVeiw */ = {
			isa = PBXNativeTarget;
			buildConfigurationList = DBF4D93B2789AECC00EE891B /* Build configuration list for PBXNativeTarget "SqliteTableVeiw" */;
			buildPhases = (
				8EC18FF1605D9C6F03947E69 /* [CP] Check Pods Manifest.lock */,
				DBF4D9272789AECC00EE891B /* Sources */,
				DBF4D9282789AECC00EE891B /* Frameworks */,
				DBF4D9292789AECC00EE891B /* Resources */,
				93280ED9B8EE592504C04478 /* [CP] Embed Pods Frameworks */,
			);
			buildRules = (
			);
			dependencies = (
			);
			name = SqliteTableVeiw;
			productName = SqliteTableVeiw;
			productReference = DBF4D92B2789AECC00EE891B /* SqliteTableVeiw.app */;
			productType = "com.apple.product-type.application";
		};
/* End PBXNativeTarget section */

/* Begin PBXProject section */
		DBF4D9232789AECC00EE891B /* Project object */ = {
			isa = PBXProject;
			attributes = {
				BuildIndependentTargetsInParallel = 1;
				LastUpgradeCheck = 1320;
				TargetAttributes = {
					DBF4D92A2789AECC00EE891B = {
						CreatedOnToolsVersion = 13.2.1;
					};
				};
			};
			buildConfigurationList = DBF4D9262789AECC00EE891B /* Build configuration list for PBXProject "SqliteTableVeiw" */;
			compatibilityVersion = "Xcode 13.0";
			developmentRegion = en;
			hasScannedForEncodings = 0;
			knownRegions = (
				en,
				Base,
			);
			mainGroup = DBF4D9222789AECC00EE891B;
			productRefGroup = DBF4D92C2789AECC00EE891B /* Products */;
			projectDirPath = "";
			projectRoot = "";
			targets = (
				DBF4D92A2789AECC00EE891B /* SqliteTableVeiw */,
			);
		};
/* End PBXProject section */

/* Begin PBXResourcesBuildPhase section */
		DBF4D9292789AECC00EE891B /* Resources */ = {
			isa = PBXResourcesBuildPhase;
			buildActionMask = 2147483647;
			files = (
				DB33EF6C278AA80500E04BCF /* ChatRoomTableViewController.xib in Resources */,
				DBF4D9322789AECC00EE891B /* Assets.xcassets in Resources */,
				DBF4D9442789BD6000EE891B /* MainWindowController.xib in Resources */,
				DBF4D9472789BEE400EE891B /* MenuBar.xib in Resources */,
			);
			runOnlyForDeploymentPostprocessing = 0;
		};
/* End PBXResourcesBuildPhase section */

/* Begin PBXShellScriptBuildPhase section */
		8EC18FF1605D9C6F03947E69 /* [CP] Check Pods Manifest.lock */ = {
			isa = PBXShellScriptBuildPhase;
			buildActionMask = 2147483647;
			files = (
			);
			inputFileListPaths = (
			);
			inputPaths = (
				"${PODS_PODFILE_DIR_PATH}/Podfile.lock",
				"${PODS_ROOT}/Manifest.lock",
			);
			name = "[CP] Check Pods Manifest.lock";
			outputFileListPaths = (
			);
			outputPaths = (
				"$(DERIVED_FILE_DIR)/Pods-SqliteTableVeiw-checkManifestLockResult.txt",
			);
			runOnlyForDeploymentPostprocessing = 0;
			shellPath = /bin/sh;
			shellScript = "diff \"${PODS_PODFILE_DIR_PATH}/Podfile.lock\" \"${PODS_ROOT}/Manifest.lock\" > /dev/null\nif [ $? != 0 ] ; then\n    # print error to STDERR\n    echo \"error: The sandbox is not in sync with the Podfile.lock. Run 'pod install' or update your CocoaPods installation.\" >&2\n    exit 1\nfi\n# This output is used by Xcode 'outputs' to avoid re-running this script phase.\necho \"SUCCESS\" > \"${SCRIPT_OUTPUT_FILE_0}\"\n";
			showEnvVarsInLog = 0;
		};
		93280ED9B8EE592504C04478 /* [CP] Embed Pods Frameworks */ = {
			isa = PBXShellScriptBuildPhase;
			buildActionMask = 2147483647;
			files = (
			);
			inputFileListPaths = (
				"${PODS_ROOT}/Target Support Files/Pods-SqliteTableVeiw/Pods-SqliteTableVeiw-frameworks-${CONFIGURATION}-input-files.xcfilelist",
			);
			name = "[CP] Embed Pods Frameworks";
			outputFileListPaths = (
				"${PODS_ROOT}/Target Support Files/Pods-SqliteTableVeiw/Pods-SqliteTableVeiw-frameworks-${CONFIGURATION}-output-files.xcfilelist",
			);
			runOnlyForDeploymentPostprocessing = 0;
			shellPath = /bin/sh;
			shellScript = "\"${PODS_ROOT}/Target Support Files/Pods-SqliteTableVeiw/Pods-SqliteTableVeiw-frameworks.sh\"\n";
			showEnvVarsInLog = 0;
		};
/* End PBXShellScriptBuildPhase section */

/* Begin PBXSourcesBuildPhase section */
		DBF4D9272789AECC00EE891B /* Sources */ = {
			isa = PBXSourcesBuildPhase;
			buildActionMask = 2147483647;
			files = (
				DB33EF6B278AA80500E04BCF /* ChatRoomTableViewController.m in Sources */,
				DB33EF79278AB99200E04BCF /* SQLDB.m in Sources */,
				DB33EF70278AA86E00E04BCF /* ChatRoomTableCellView.m in Sources */,
				DBF4D9432789BD6000EE891B /* MainWindowController.m in Sources */,
				DBF4D9372789AECC00EE891B /* main.m in Sources */,
				DB33EF76278AB6DF00E04BCF /* ChatRoom.m in Sources */,
				DBF4D9302789AECC00EE891B /* AppDelegate.m in Sources */,
			);
			runOnlyForDeploymentPostprocessing = 0;
		};
/* End PBXSourcesBuildPhase section */

/* Begin XCBuildConfiguration section */
		DBF4D9392789AECC00EE891B /* Debug */ = {
			isa = XCBuildConfiguration;
			buildSettings = {
				ALWAYS_SEARCH_USER_PATHS = NO;
				CLANG_ANALYZER_NONNULL = YES;
				CLANG_ANALYZER_NUMBER_OBJECT_CONVERSION = YES_AGGRESSIVE;
				CLANG_CXX_LANGUAGE_STANDARD = "gnu++17";
				CLANG_CXX_LIBRARY = "libc++";
				CLANG_ENABLE_MODULES = YES;
				CLANG_ENABLE_OBJC_ARC = YES;
				CLANG_ENABLE_OBJC_WEAK = YES;
				CLANG_WARN_BLOCK_CAPTURE_AUTORELEASING = YES;
				CLANG_WARN_BOOL_CONVERSION = YES;
				CLANG_WARN_COMMA = YES;
				CLANG_WARN_CONSTANT_CONVERSION = YES;
				CLANG_WARN_DEPRECATED_OBJC_IMPLEMENTATIONS = YES;
				CLANG_WARN_DIRECT_OBJC_ISA_USAGE = YES_ERROR;
				CLANG_WARN_DOCUMENTATION_COMMENTS = YES;
				CLANG_WARN_EMPTY_BODY = YES;
				CLANG_WARN_ENUM_CONVERSION = YES;
				CLANG_WARN_INFINITE_RECURSION = YES;
				CLANG_WARN_INT_CONVERSION = YES;
				CLANG_WARN_NON_LITERAL_NULL_CONVERSION = YES;
				CLANG_WARN_OBJC_IMPLICIT_RETAIN_SELF = YES;
				CLANG_WARN_OBJC_LITERAL_CONVERSION = YES;
				CLANG_WARN_OBJC_ROOT_CLASS = YES_ERROR;
				CLANG_WARN_QUOTED_INCLUDE_IN_FRAMEWORK_HEADER = YES;
				CLANG_WARN_RANGE_LOOP_ANALYSIS = YES;
				CLANG_WARN_STRICT_PROTOTYPES = YES;
				CLANG_WARN_SUSPICIOUS_MOVE = YES;
				CLANG_WARN_UNGUARDED_AVAILABILITY = YES_AGGRESSIVE;
				CLANG_WARN_UNREACHABLE_CODE = YES;
				CLANG_WARN__DUPLICATE_METHOD_MATCH = YES;
				COPY_PHASE_STRIP = NO;
				DEBUG_INFORMATION_FORMAT = dwarf;
				ENABLE_STRICT_OBJC_MSGSEND = YES;
				ENABLE_TESTABILITY = YES;
				GCC_C_LANGUAGE_STANDARD = gnu11;
				GCC_DYNAMIC_NO_PIC = NO;
				GCC_NO_COMMON_BLOCKS = YES;
				GCC_OPTIMIZATION_LEVEL = 0;
				GCC_PREPROCESSOR_DEFINITIONS = (
					"DEBUG=1",
					"$(inherited)",
				);
				GCC_WARN_64_TO_32_BIT_CONVERSION = YES;
				GCC_WARN_ABOUT_RETURN_TYPE = YES_ERROR;
				GCC_WARN_UNDECLARED_SELECTOR = YES;
				GCC_WARN_UNINITIALIZED_AUTOS = YES_AGGRESSIVE;
				GCC_WARN_UNUSED_FUNCTION = YES;
				GCC_WARN_UNUSED_VARIABLE = YES;
				MACOSX_DEPLOYMENT_TARGET = 10.12;
				MTL_ENABLE_DEBUG_INFO = INCLUDE_SOURCE;
				MTL_FAST_MATH = YES;
				ONLY_ACTIVE_ARCH = YES;
				SDKROOT = macosx;
			};
			name = Debug;
		};
		DBF4D93A2789AECC00EE891B /* Release */ = {
			isa = XCBuildConfiguration;
			buildSettings = {
				ALWAYS_SEARCH_USER_PATHS = NO;
				CLANG_ANALYZER_NONNULL = YES;
				CLANG_ANALYZER_NUMBER_OBJECT_CONVERSION = YES_AGGRESSIVE;
				CLANG_CXX_LANGUAGE_STANDARD = "gnu++17";
				CLANG_CXX_LIBRARY = "libc++";
				CLANG_ENABLE_MODULES = YES;
				CLANG_ENABLE_OBJC_ARC = YES;
				CLANG_ENABLE_OBJC_WEAK = YES;
				CLANG_WARN_BLOCK_CAPTURE_AUTORELEASING = YES;
				CLANG_WARN_BOOL_CONVERSION = YES;
				CLANG_WARN_COMMA = YES;
				CLANG_WARN_CONSTANT_CONVERSION = YES;
				CLANG_WARN_DEPRECATED_OBJC_IMPLEMENTATIONS = YES;
				CLANG_WARN_DIRECT_OBJC_ISA_USAGE = YES_ERROR;
				CLANG_WARN_DOCUMENTATION_COMMENTS = YES;
				CLANG_WARN_EMPTY_BODY = YES;
				CLANG_WARN_ENUM_CONVERSION = YES;
				CLANG_WARN_INFINITE_RECURSION = YES;
				CLANG_WARN_INT_CONVERSION = YES;
				CLANG_WARN_NON_LITERAL_NULL_CONVERSION = YES;
				CLANG_WARN_OBJC_IMPLICIT_RETAIN_SELF = YES;
				CLANG_WARN_OBJC_LITERAL_CONVERSION = YES;
				CLANG_WARN_OBJC_ROOT_CLASS = YES_ERROR;
				CLANG_WARN_QUOTED_INCLUDE_IN_FRAMEWORK_HEADER = YES;
				CLANG_WARN_RANGE_LOOP_ANALYSIS = YES;
				CLANG_WARN_STRICT_PROTOTYPES = YES;
				CLANG_WARN_SUSPICIOUS_MOVE = YES;
				CLANG_WARN_UNGUARDED_AVAILABILITY = YES_AGGRESSIVE;
				CLANG_WARN_UNREACHABLE_CODE = YES;
				CLANG_WARN__DUPLICATE_METHOD_MATCH = YES;
				COPY_PHASE_STRIP = NO;
				DEBUG_INFORMATION_FORMAT = "dwarf-with-dsym";
				ENABLE_NS_ASSERTIONS = NO;
				ENABLE_STRICT_OBJC_MSGSEND = YES;
				GCC_C_LANGUAGE_STANDARD = gnu11;
				GCC_NO_COMMON_BLOCKS = YES;
				GCC_WARN_64_TO_32_BIT_CONVERSION = YES;
				GCC_WARN_ABOUT_RETURN_TYPE = YES_ERROR;
				GCC_WARN_UNDECLARED_SELECTOR = YES;
				GCC_WARN_UNINITIALIZED_AUTOS = YES_AGGRESSIVE;
				GCC_WARN_UNUSED_FUNCTION = YES;
				GCC_WARN_UNUSED_VARIABLE = YES;
				MACOSX_DEPLOYMENT_TARGET = 10.12;
				MTL_ENABLE_DEBUG_INFO = NO;
				MTL_FAST_MATH = YES;
				SDKROOT = macosx;
			};
			name = Release;
		};
		DBF4D93C2789AECC00EE891B /* Debug */ = {
			isa = XCBuildConfiguration;
			baseConfigurationReference = 0C5662D703432A605DFBD8B1 /* Pods-SqliteTableVeiw.debug.xcconfig */;
			buildSettings = {
				ASSETCATALOG_COMPILER_APPICON_NAME = AppIcon;
				ASSETCATALOG_COMPILER_GLOBAL_ACCENT_COLOR_NAME = AccentColor;
				CODE_SIGN_ENTITLEMENTS = SqliteTableVeiw/SqliteTableVeiw.entitlements;
				CODE_SIGN_STYLE = Automatic;
				COMBINE_HIDPI_IMAGES = YES;
				CURRENT_PROJECT_VERSION = 1;
				GENERATE_INFOPLIST_FILE = YES;
				INFOPLIST_KEY_NSHumanReadableCopyright = "";
				INFOPLIST_KEY_NSMainNibFile = MenuBar;
				INFOPLIST_KEY_NSPrincipalClass = NSApplication;
				LD_RUNPATH_SEARCH_PATHS = (
					"$(inherited)",
					"@executable_path/../Frameworks",
				);
				MARKETING_VERSION = 1.0;
				PRODUCT_BUNDLE_IDENTIFIER = com.vapor.SqliteTableVeiw;
				PRODUCT_NAME = "$(TARGET_NAME)";
				SWIFT_EMIT_LOC_STRINGS = YES;
			};
			name = Debug;
		};
		DBF4D93D2789AECC00EE891B /* Release */ = {
			isa = XCBuildConfiguration;
			baseConfigurationReference = 69FD6B18CD993EAF7E5E9B10 /* Pods-SqliteTableVeiw.release.xcconfig */;
			buildSettings = {
				ASSETCATALOG_COMPILER_APPICON_NAME = AppIcon;
				ASSETCATALOG_COMPILER_GLOBAL_ACCENT_COLOR_NAME = AccentColor;
				CODE_SIGN_ENTITLEMENTS = SqliteTableVeiw/SqliteTableVeiw.entitlements;
				CODE_SIGN_STYLE = Automatic;
				COMBINE_HIDPI_IMAGES = YES;
				CURRENT_PROJECT_VERSION = 1;
				GENERATE_INFOPLIST_FILE = YES;
				INFOPLIST_KEY_NSHumanReadableCopyright = "";
				INFOPLIST_KEY_NSMainNibFile = MenuBar;
				INFOPLIST_KEY_NSPrincipalClass = NSApplication;
				LD_RUNPATH_SEARCH_PATHS = (
					"$(inherited)",
					"@executable_path/../Frameworks",
				);
				MARKETING_VERSION = 1.0;
				PRODUCT_BUNDLE_IDENTIFIER = com.vapor.SqliteTableVeiw;
				PRODUCT_NAME = "$(TARGET_NAME)";
				SWIFT_EMIT_LOC_STRINGS = YES;
			};
			name = Release;
		};
/* End XCBuildConfiguration section */

/* Begin XCConfigurationList section */
		DBF4D9262789AECC00EE891B /* Build configuration list for PBXProject "SqliteTableVeiw" */ = {
			isa = XCConfigurationList;
			buildConfigurations = (
				DBF4D9392789AECC00EE891B /* Debug */,
				DBF4D93A2789AECC00EE891B /* Release */,
			);
			defaultConfigurationIsVisible = 0;
			defaultConfigurationName = Release;
		};
		DBF4D93B2789AECC00EE891B /* Build configuration list for PBXNativeTarget "SqliteTableVeiw" */ = {
			isa = XCConfigurationList;
			buildConfigurations = (
				DBF4D93C2789AECC00EE891B /* Debug */,
				DBF4D93D2789AECC00EE891B /* Release */,
			);
			defaultConfigurationIsVisible = 0;
			defaultConfigurationName = Release;
		};
/* End XCConfigurationList section */
	};
	rootObject = DBF4D9232789AECC00EE891B /* Project object */;
}
