PODS:
  - FMDB (2.7.5):
    - FMDB/standard (= 2.7.5)
  - FMDB/standard (2.7.5)
  - KVOController (1.2.0)

DEPENDENCIES:
  - FMDB
  - KVOController

SPEC REPOS:
  trunk:
    - FMDB
    - KVOController

SPEC CHECKSUMS:
  FMDB: 2ce00b547f966261cd18927a3ddb07cb6f3db82a
  KVOController: d72ace34afea42468329623b3379ab3cd1d286b6

PODFILE CHECKSUM: b76a567dc9315c5f70461b8d0b7f529a83f01645

COCOAPODS: 1.11.2
