PODS:
  - FMDB (2.7.5):
    - FMDB/standard (= 2.7.5)
  - FMDB/standard (2.7.5)
  - KVOController (1.2.0)

DEPENDENCIES:
  - FMDB
  - KVOController

SPEC REPOS:
  trunk:
    - FMDB
    - KVOController

SPEC CHECKSUMS:
  FMDB: 2ce00b547f966261cd18927a3ddb07cb6f3db82a
  KVOController: d72ace34afea42468329623b3379ab3cd1d286b6

PODFILE CHECKSUM: 626f93e9522e6dbcc76d1eba33f8344d5929fd83

COCOAPODS: 1.11.2
